
Microsoft Visual Studio Solution File, Format Version 10.00
# Visual Studio 2008
Project("{FAE04EC0-301F-11D3-BF4B-00C04F79EFBC}") = "ZomB", "ZomBdll\ZomB.csproj", "{B40501FE-DF11-452B-BAD6-30DE836902C6}"
EndProject
Project("{FAE04EC0-301F-11D3-BF4B-00C04F79EFBC}") = "ZomBeye", "Apps\ZomBeye\ZomBeye.csproj", "{D315A372-3B08-40CE-A91D-7F5E01EE7566}"
EndProject
Project("{FAE04EC0-301F-11D3-BF4B-00C04F79EFBC}") = "DefaultDash", "Apps\DefaultDash\DefaultDash.csproj", "{BC0AD73F-CC8F-4097-818B-7A54AEA1011C}"
EndProject
Project("{FAE04EC0-301F-11D3-BF4B-00C04F79EFBC}") = "NullGEN", "Apps\NullGEN\NullGEN.csproj", "{84E7582F-4C51-4DD2-8D68-C88825519462}"
EndProject
Project("{FAE04EC0-301F-11D3-BF4B-00C04F79EFBC}") = "Visual ZomB Designer", "Apps\VisualZomB\VisualZomB.csproj", "{408151B6-D806-46F4-BDCF-049D48162206}"
EndProject
Project("{FAE04EC0-301F-11D3-BF4B-00C04F79EFBC}") = "ZomB.DriverStation", "ZomB.DriverStation\ZomB.DriverStation.csproj", "{49B23038-A658-43B3-8620-EBC62E873201}"
EndProject
Global
	GlobalSection(SolutionConfigurationPlatforms) = preSolution
		Debug|Any CPU = Debug|Any CPU
		Release|Any CPU = Release|Any CPU
	EndGlobalSection
	GlobalSection(ProjectConfigurationPlatforms) = postSolution
		{B40501FE-DF11-452B-BAD6-30DE836902C6}.Debug|Any CPU.ActiveCfg = Debug|Any CPU
		{B40501FE-DF11-452B-BAD6-30DE836902C6}.Debug|Any CPU.Build.0 = Debug|Any CPU
		{B40501FE-DF11-452B-BAD6-30DE836902C6}.Release|Any CPU.ActiveCfg = Release|Any CPU
		{B40501FE-DF11-452B-BAD6-30DE836902C6}.Release|Any CPU.Build.0 = Release|Any CPU
		{D315A372-3B08-40CE-A91D-7F5E01EE7566}.Debug|Any CPU.ActiveCfg = Debug|Any CPU
		{D315A372-3B08-40CE-A91D-7F5E01EE7566}.Debug|Any CPU.Build.0 = Debug|Any CPU
		{D315A372-3B08-40CE-A91D-7F5E01EE7566}.Release|Any CPU.ActiveCfg = Release|Any CPU
		{D315A372-3B08-40CE-A91D-7F5E01EE7566}.Release|Any CPU.Build.0 = Release|Any CPU
		{BC0AD73F-CC8F-4097-818B-7A54AEA1011C}.Debug|Any CPU.ActiveCfg = Debug|Any CPU
		{BC0AD73F-CC8F-4097-818B-7A54AEA1011C}.Debug|Any CPU.Build.0 = Debug|Any CPU
		{BC0AD73F-CC8F-4097-818B-7A54AEA1011C}.Release|Any CPU.ActiveCfg = Release|Any CPU
		{BC0AD73F-CC8F-4097-818B-7A54AEA1011C}.Release|Any CPU.Build.0 = Release|Any CPU
		{84E7582F-4C51-4DD2-8D68-C88825519462}.Debug|Any CPU.ActiveCfg = Debug|Any CPU
		{84E7582F-4C51-4DD2-8D68-C88825519462}.Debug|Any CPU.Build.0 = Debug|Any CPU
		{84E7582F-4C51-4DD2-8D68-C88825519462}.Release|Any CPU.ActiveCfg = Release|Any CPU
		{84E7582F-4C51-4DD2-8D68-C88825519462}.Release|Any CPU.Build.0 = Release|Any CPU
		{408151B6-D806-46F4-BDCF-049D48162206}.Debug|Any CPU.ActiveCfg = Debug|Any CPU
		{408151B6-D806-46F4-BDCF-049D48162206}.Debug|Any CPU.Build.0 = Debug|Any CPU
		{408151B6-D806-46F4-BDCF-049D48162206}.Release|Any CPU.ActiveCfg = Release|Any CPU
		{408151B6-D806-46F4-BDCF-049D48162206}.Release|Any CPU.Build.0 = Release|Any CPU
		{49B23038-A658-43B3-8620-EBC62E873201}.Debug|Any CPU.ActiveCfg = Debug|Any CPU
		{49B23038-A658-43B3-8620-EBC62E873201}.Debug|Any CPU.Build.0 = Debug|Any CPU
		{49B23038-A658-43B3-8620-EBC62E873201}.Release|Any CPU.ActiveCfg = Release|Any CPU
		{49B23038-A658-43B3-8620-EBC62E873201}.Release|Any CPU.Build.0 = Release|Any CPU
	EndGlobalSection
	GlobalSection(SolutionProperties) = preSolution
		HideSolutionNode = FALSE
	EndGlobalSection
EndGlobal
